
Microsoft Visual Studio Solution File, Format Version 12.00
# Visual Studio Version 17
VisualStudioVersion = 17.5.33530.505
MinimumVisualStudioVersion = 10.0.40219.1
Project("{FAE04EC0-301F-11D3-BF4B-00C04F79EFBC}") = "BusTicketApp", "BusTicketApp\BusTicketApp.csproj", "{FAE30D5E-C44E-412A-B944-6915C8394768}"
EndProject
Global
	GlobalSection(SolutionConfigurationPlatforms) = preSolution
		Debug|Any CPU = Debug|Any CPU
		Release|Any CPU = Release|Any CPU
	EndGlobalSection
	GlobalSection(ProjectConfigurationPlatforms) = postSolution
		{FAE30D5E-C44E-412A-B944-6915C8394768}.Debug|Any CPU.ActiveCfg = Debug|Any CPU
		{FAE30D5E-C44E-412A-B944-6915C8394768}.Debug|Any CPU.Build.0 = Debug|Any CPU
		{FAE30D5E-C44E-412A-B944-6915C8394768}.Release|Any CPU.ActiveCfg = Release|Any CPU
		{FAE30D5E-C44E-412A-B944-6915C8394768}.Release|Any CPU.Build.0 = Release|Any CPU
	EndGlobalSection
	GlobalSection(SolutionProperties) = preSolution
		HideSolutionNode = FALSE
	EndGlobalSection
	GlobalSection(ExtensibilityGlobals) = postSolution
		SolutionGuid = {70297FDD-80C7-47DC-A198-DF8829BD45CA}
	EndGlobalSection
EndGlobal
